
Microsoft Visual Studio Solution File, Format Version 12.00
# Visual Studio Version 16
VisualStudioVersion = 16.0.810.23
MinimumVisualStudioVersion = 10.0.40219.1
Project("{FAE04EC0-301F-11D3-BF4B-00C04F79EFBC}") = "testing", "testing\testing.csproj", "{FBE7AEF3-CF4A-4004-9FB8-747528819163}"
EndProject
Global
	GlobalSection(SolutionConfigurationPlatforms) = preSolution
		Debug|Any CPU = Debug|Any CPU
		Release|Any CPU = Release|Any CPU
	EndGlobalSection
	GlobalSection(ProjectConfigurationPlatforms) = postSolution
		{FBE7AEF3-CF4A-4004-9FB8-747528819163}.Debug|Any CPU.ActiveCfg = Debug|Any CPU
		{FBE7AEF3-CF4A-4004-9FB8-747528819163}.Debug|Any CPU.Build.0 = Debug|Any CPU
		{FBE7AEF3-CF4A-4004-9FB8-747528819163}.Release|Any CPU.ActiveCfg = Release|Any CPU
		{FBE7AEF3-CF4A-4004-9FB8-747528819163}.Release|Any CPU.Build.0 = Release|Any CPU
	EndGlobalSection
	GlobalSection(SolutionProperties) = preSolution
		HideSolutionNode = FALSE
	EndGlobalSection
	GlobalSection(ExtensibilityGlobals) = postSolution
		SolutionGuid = {B1155EB7-6BE5-4946-8C21-F9476AF131DD}
	EndGlobalSection
EndGlobal
